
Microsoft Visual Studio Solution File, Format Version 12.00
# Visual Studio Version 17
VisualStudioVersion = 17.7.34031.279
MinimumVisualStudioVersion = 10.0.40219.1
Project("{FAE04EC0-301F-11D3-BF4B-00C04F79EFBC}") = "CoMo", "CoMo.csproj", "{15C7D292-7D89-46FC-9F91-F4CE3763B6DB}"
EndProject
Global
	GlobalSection(SolutionConfigurationPlatforms) = preSolution
		Debug|Any CPU = Debug|Any CPU
		Release|Any CPU = Release|Any CPU
	EndGlobalSection
	GlobalSection(ProjectConfigurationPlatforms) = postSolution
		{15C7D292-7D89-46FC-9F91-F4CE3763B6DB}.Debug|Any CPU.ActiveCfg = Debug|Any CPU
		{15C7D292-7D89-46FC-9F91-F4CE3763B6DB}.Debug|Any CPU.Build.0 = Debug|Any CPU
		{15C7D292-7D89-46FC-9F91-F4CE3763B6DB}.Release|Any CPU.ActiveCfg = Release|Any CPU
		{15C7D292-7D89-46FC-9F91-F4CE3763B6DB}.Release|Any CPU.Build.0 = Release|Any CPU
	EndGlobalSection
	GlobalSection(SolutionProperties) = preSolution
		HideSolutionNode = FALSE
	EndGlobalSection
	GlobalSection(ExtensibilityGlobals) = postSolution
		SolutionGuid = {0374D62E-84AA-4FBC-8F8C-1EBA9C8ADF4E}
	EndGlobalSection
EndGlobal
